
Microsoft Visual Studio Solution File, Format Version 12.00
# Visual Studio Version 16
VisualStudioVersion = 16.0.32602.291
MinimumVisualStudioVersion = 10.0.40219.1
Project("{FAE04EC0-301F-11D3-BF4B-00C04F79EFBC}") = "TesteExcel", "TesteExcel\TesteExcel.csproj", "{15C59CCA-DA20-4CF7-B980-41C58283F1BA}"
EndProject
Global
	GlobalSection(SolutionConfigurationPlatforms) = preSolution
		Debug|Any CPU = Debug|Any CPU
		Release|Any CPU = Release|Any CPU
	EndGlobalSection
	GlobalSection(ProjectConfigurationPlatforms) = postSolution
		{15C59CCA-DA20-4CF7-B980-41C58283F1BA}.Debug|Any CPU.ActiveCfg = Debug|Any CPU
		{15C59CCA-DA20-4CF7-B980-41C58283F1BA}.Debug|Any CPU.Build.0 = Debug|Any CPU
		{15C59CCA-DA20-4CF7-B980-41C58283F1BA}.Release|Any CPU.ActiveCfg = Release|Any CPU
		{15C59CCA-DA20-4CF7-B980-41C58283F1BA}.Release|Any CPU.Build.0 = Release|Any CPU
	EndGlobalSection
	GlobalSection(SolutionProperties) = preSolution
		HideSolutionNode = FALSE
	EndGlobalSection
	GlobalSection(ExtensibilityGlobals) = postSolution
		SolutionGuid = {5DB0C4E4-41F4-42FF-BF91-748FC721CD5D}
	EndGlobalSection
EndGlobal
